
Microsoft Visual Studio Solution File, Format Version 12.00
# Visual Studio Version 17
VisualStudioVersion = 17.6.33829.357
MinimumVisualStudioVersion = 10.0.40219.1
Project("{9A19103F-16F7-4668-BE54-9A1E7A4F7556}") = "PROSPERID.Infra", "PROSPERID.Infra\PROSPERID.Infra.csproj", "{0C9A2C99-E79C-415D-A399-476CE0B639C4}"
EndProject
Project("{9A19103F-16F7-4668-BE54-9A1E7A4F7556}") = "PROSPERID.Tests", "PROSPEDI.Tests\PROSPERID.Tests.csproj", "{6DBB4933-9F9A-4AA2-9DF5-6775F89B4721}"
EndProject
Project("{9A19103F-16F7-4668-BE54-9A1E7A4F7556}") = "PROSPERID.Presentation", "PROSPERID.Presentation\PROSPERID.Presentation.csproj", "{03E431C1-9E6F-466A-8024-82959AC484EE}"
EndProject
Project("{9A19103F-16F7-4668-BE54-9A1E7A4F7556}") = "PROSPERID.Application", "PROSPERID.Application\PROSPERID.Application.csproj", "{0CA12980-306B-48DD-A3BD-25A651167C27}"
EndProject
Project("{9A19103F-16F7-4668-BE54-9A1E7A4F7556}") = "PROSPERID.Core", "PROSPERID.Core\PROSPERID.Core.csproj", "{F989B5BA-6A00-4E1F-A698-DBE13CF6E5D6}"
EndProject
Project("{2150E333-8FDC-42A3-9474-1A3956D46DE8}") = "Itens de Solução", "Itens de Solução", "{0036A667-7C93-4E80-9B7F-9B244E7B2F3D}"
	ProjectSection(SolutionItems) = preProject
		Estrutura de pastas buscada.txt = Estrutura de pastas buscada.txt
		nomes.txt = nomes.txt
		tabelas.txt = tabelas.txt
	EndProjectSection
EndProject
Global
	GlobalSection(SolutionConfigurationPlatforms) = preSolution
		Debug|Any CPU = Debug|Any CPU
		Release|Any CPU = Release|Any CPU
	EndGlobalSection
	GlobalSection(ProjectConfigurationPlatforms) = postSolution
		{0C9A2C99-E79C-415D-A399-476CE0B639C4}.Debug|Any CPU.ActiveCfg = Debug|Any CPU
		{0C9A2C99-E79C-415D-A399-476CE0B639C4}.Debug|Any CPU.Build.0 = Debug|Any CPU
		{0C9A2C99-E79C-415D-A399-476CE0B639C4}.Release|Any CPU.ActiveCfg = Release|Any CPU
		{0C9A2C99-E79C-415D-A399-476CE0B639C4}.Release|Any CPU.Build.0 = Release|Any CPU
		{6DBB4933-9F9A-4AA2-9DF5-6775F89B4721}.Debug|Any CPU.ActiveCfg = Debug|Any CPU
		{6DBB4933-9F9A-4AA2-9DF5-6775F89B4721}.Debug|Any CPU.Build.0 = Debug|Any CPU
		{6DBB4933-9F9A-4AA2-9DF5-6775F89B4721}.Release|Any CPU.ActiveCfg = Release|Any CPU
		{6DBB4933-9F9A-4AA2-9DF5-6775F89B4721}.Release|Any CPU.Build.0 = Release|Any CPU
		{03E431C1-9E6F-466A-8024-82959AC484EE}.Debug|Any CPU.ActiveCfg = Debug|Any CPU
		{03E431C1-9E6F-466A-8024-82959AC484EE}.Debug|Any CPU.Build.0 = Debug|Any CPU
		{03E431C1-9E6F-466A-8024-82959AC484EE}.Release|Any CPU.ActiveCfg = Release|Any CPU
		{03E431C1-9E6F-466A-8024-82959AC484EE}.Release|Any CPU.Build.0 = Release|Any CPU
		{0CA12980-306B-48DD-A3BD-25A651167C27}.Debug|Any CPU.ActiveCfg = Debug|Any CPU
		{0CA12980-306B-48DD-A3BD-25A651167C27}.Debug|Any CPU.Build.0 = Debug|Any CPU
		{0CA12980-306B-48DD-A3BD-25A651167C27}.Release|Any CPU.ActiveCfg = Release|Any CPU
		{0CA12980-306B-48DD-A3BD-25A651167C27}.Release|Any CPU.Build.0 = Release|Any CPU
		{F989B5BA-6A00-4E1F-A698-DBE13CF6E5D6}.Debug|Any CPU.ActiveCfg = Debug|Any CPU
		{F989B5BA-6A00-4E1F-A698-DBE13CF6E5D6}.Debug|Any CPU.Build.0 = Debug|Any CPU
		{F989B5BA-6A00-4E1F-A698-DBE13CF6E5D6}.Release|Any CPU.ActiveCfg = Release|Any CPU
		{F989B5BA-6A00-4E1F-A698-DBE13CF6E5D6}.Release|Any CPU.Build.0 = Release|Any CPU
	EndGlobalSection
	GlobalSection(SolutionProperties) = preSolution
		HideSolutionNode = FALSE
	EndGlobalSection
	GlobalSection(ExtensibilityGlobals) = postSolution
		SolutionGuid = {92CC10C2-AAA4-47D0-A787-2BB65BD28F60}
	EndGlobalSection
EndGlobal
